
Microsoft Visual Studio Solution File, Format Version 12.00
# Visual Studio 15
VisualStudioVersion = 15.0.26228.9
MinimumVisualStudioVersion = 10.0.40219.1
Project("{FAE04EC0-301F-11D3-BF4B-00C04F79EFBC}") = "BookingSystem.API", "BookingSystem.API\BookingSystem.API.csproj", "{B6AA985C-EC1D-4895-9811-80AB923B7991}"
EndProject
Project("{FAE04EC0-301F-11D3-BF4B-00C04F79EFBC}") = "BookingSystem.API.Models", "BookingSystem.API.Models\BookingSystem.API.Models.csproj", "{775AFCE6-F248-4C21-93CD-40AD63246A4C}"
EndProject
Project("{FAE04EC0-301F-11D3-BF4B-00C04F79EFBC}") = "BookingSystem.Android", "BookingSystem.Android\BookingSystem.Android.csproj", "{183B2D1D-83DF-45B1-B080-4E89CEB660A8}"
EndProject
Global
	GlobalSection(SolutionConfigurationPlatforms) = preSolution
		Debug|Any CPU = Debug|Any CPU
		Release|Any CPU = Release|Any CPU
	EndGlobalSection
	GlobalSection(ProjectConfigurationPlatforms) = postSolution
		{B6AA985C-EC1D-4895-9811-80AB923B7991}.Debug|Any CPU.ActiveCfg = Debug|Any CPU
		{B6AA985C-EC1D-4895-9811-80AB923B7991}.Debug|Any CPU.Build.0 = Debug|Any CPU
		{B6AA985C-EC1D-4895-9811-80AB923B7991}.Release|Any CPU.ActiveCfg = Release|Any CPU
		{B6AA985C-EC1D-4895-9811-80AB923B7991}.Release|Any CPU.Build.0 = Release|Any CPU
		{775AFCE6-F248-4C21-93CD-40AD63246A4C}.Debug|Any CPU.ActiveCfg = Debug|Any CPU
		{775AFCE6-F248-4C21-93CD-40AD63246A4C}.Debug|Any CPU.Build.0 = Debug|Any CPU
		{775AFCE6-F248-4C21-93CD-40AD63246A4C}.Release|Any CPU.ActiveCfg = Release|Any CPU
		{775AFCE6-F248-4C21-93CD-40AD63246A4C}.Release|Any CPU.Build.0 = Release|Any CPU
		{183B2D1D-83DF-45B1-B080-4E89CEB660A8}.Debug|Any CPU.ActiveCfg = Debug|Any CPU
		{183B2D1D-83DF-45B1-B080-4E89CEB660A8}.Debug|Any CPU.Build.0 = Debug|Any CPU
		{183B2D1D-83DF-45B1-B080-4E89CEB660A8}.Debug|Any CPU.Deploy.0 = Debug|Any CPU
		{183B2D1D-83DF-45B1-B080-4E89CEB660A8}.Release|Any CPU.ActiveCfg = Release|Any CPU
		{183B2D1D-83DF-45B1-B080-4E89CEB660A8}.Release|Any CPU.Build.0 = Release|Any CPU
		{183B2D1D-83DF-45B1-B080-4E89CEB660A8}.Release|Any CPU.Deploy.0 = Release|Any CPU
	EndGlobalSection
	GlobalSection(SolutionProperties) = preSolution
		HideSolutionNode = FALSE
	EndGlobalSection
EndGlobal
